// !$*UTF8*$!
{
	archiveVersion = 1;
	classes = {
	};
	objectVersion = 50;
	objects = {

/* Begin PBXBuildFile section */
		3578D38C2415395B0008FF97 /* AppDelegate.swift in Sources */ = {isa = PBXBuildFile; fileRef = 3578D38B2415395B0008FF97 /* AppDelegate.swift */; };
		3578D38E2415395B0008FF97 /* SceneDelegate.swift in Sources */ = {isa = PBXBuildFile; fileRef = 3578D38D2415395B0008FF97 /* SceneDelegate.swift */; };
		3578D3902415395B0008FF97 /* ViewController.swift in Sources */ = {isa = PBXBuildFile; fileRef = 3578D38F2415395B0008FF97 /* ViewController.swift */; };
		3578D3932415395B0008FF97 /* Main.storyboard in Resources */ = {isa = PBXBuildFile; fileRef = 3578D3912415395B0008FF97 /* Main.storyboard */; };
		3578D3952415395C0008FF97 /* Assets.xcassets in Resources */ = {isa = PBXBuildFile; fileRef = 3578D3942415395C0008FF97 /* Assets.xcassets */; };
		3578D3982415395C0008FF97 /* LaunchScreen.storyboard in Resources */ = {isa = PBXBuildFile; fileRef = 3578D3962415395C0008FF97 /* LaunchScreen.storyboard */; };
		3578D3A0241629640008FF97 /* start.txt in Resources */ = {isa = PBXBuildFile; fileRef = 3578D39F241629640008FF97 /* start.txt */; };
/* End PBXBuildFile section */

/* Begin PBXFileReference section */
		3578D3882415395B0008FF97 /* TheWordScramble.app */ = {isa = PBXFileReference; explicitFileType = wrapper.application; includeInIndex = 0; path = TheWordScramble.app; sourceTree = BUILT_PRODUCTS_DIR; };
		3578D38B2415395B0008FF97 /* AppDelegate.swift */ = {isa = PBXFileReference; lastKnownFileType = sourcecode.swift; path = AppDelegate.swift; sourceTree = "<group>"; };
		3578D38D2415395B0008FF97 /* SceneDelegate.swift */ = {isa = PBXFileReference; lastKnownFileType = sourcecode.swift; path = SceneDelegate.swift; sourceTree = "<group>"; };
		3578D38F2415395B0008FF97 /* ViewController.swift */ = {isa = PBXFileReference; lastKnownFileType = sourcecode.swift; path = ViewController.swift; sourceTree = "<group>"; };
		3578D3922415395B0008FF97 /* Base */ = {isa = PBXFileReference; lastKnownFileType = file.storyboard; name = Base; path = Base.lproj/Main.storyboard; sourceTree = "<group>"; };
		3578D3942415395C0008FF97 /* Assets.xcassets */ = {isa = PBXFileReference; lastKnownFileType = folder.assetcatalog; path = Assets.xcassets; sourceTree = "<group>"; };
		3578D3972415395C0008FF97 /* Base */ = {isa = PBXFileReference; lastKnownFileType = file.storyboard; name = Base; path = Base.lproj/LaunchScreen.storyboard; sourceTree = "<group>"; };
		3578D3992415395C0008FF97 /* Info.plist */ = {isa = PBXFileReference; lastKnownFileType = text.plist.xml; path = Info.plist; sourceTree = "<group>"; };
		3578D39F241629640008FF97 /* start.txt */ = {isa = PBXFileReference; fileEncoding = 4; lastKnownFileType = text; path = start.txt; sourceTree = "<group>"; };
/* End PBXFileReference section */

/* Begin PBXFrameworksBuildPhase section */
		3578D3852415395B0008FF97 /* Frameworks */ = {
			isa = PBXFrameworksBuildPhase;
			buildActionMask = 2147483647;
			files = (
			);
			runOnlyForDeploymentPostprocessing = 0;
		};
/* End PBXFrameworksBuildPhase section */

/* Begin PBXGroup section */
		3578D37F2415395B0008FF97 = {
			isa = PBXGroup;
			children = (
				3578D38A2415395B0008FF97 /* TheWordScramble */,
				3578D3892415395B0008FF97 /* Products */,
			);
			sourceTree = "<group>";
		};
		3578D3892415395B0008FF97 /* Products */ = {
			isa = PBXGroup;
			children = (
				3578D3882415395B0008FF97 /* TheWordScramble.app */,
			);
			name = Products;
			sourceTree = "<group>";
		};
		3578D38A2415395B0008FF97 /* TheWordScramble */ = {
			isa = PBXGroup;
			children = (
				3578D38B2415395B0008FF97 /* AppDelegate.swift */,
				3578D38D2415395B0008FF97 /* SceneDelegate.swift */,
				3578D38F2415395B0008FF97 /* ViewController.swift */,
				3578D3912415395B0008FF97 /* Main.storyboard */,
				3578D39F241629640008FF97 /* start.txt */,
				3578D3942415395C0008FF97 /* Assets.xcassets */,
				3578D3962415395C0008FF97 /* LaunchScreen.storyboard */,
				3578D3992415395C0008FF97 /* Info.plist */,
			);
			path = TheWordScramble;
			sourceTree = "<group>";
		};
/* End PBXGroup section */

/* Begin PBXNativeTarget section */
		3578D3872415395B0008FF97 /* TheWordScramble */ = {
			isa = PBXNativeTarget;
			buildConfigurationList = 3578D39C2415395C0008FF97 /* Build configuration list for PBXNativeTarget "TheWordScramble" */;
			buildPhases = (
				3578D3842415395B0008FF97 /* Sources */,
				3578D3852415395B0008FF97 /* Frameworks */,
				3578D3862415395B0008FF97 /* Resources */,
			);
			buildRules = (
			);
			dependencies = (
			);
			name = TheWordScramble;
			productName = TheWordScramble;
			productReference = 3578D3882415395B0008FF97 /* TheWordScramble.app */;
			productType = "com.apple.product-type.application";
		};
/* End PBXNativeTarget section */

/* Begin PBXProject section */
		3578D3802415395B0008FF97 /* Project object */ = {
			isa = PBXProject;
			attributes = {
				LastSwiftUpdateCheck = 1130;
				LastUpgradeCheck = 1130;
				ORGANIZATIONNAME = "Dmitry Reshetnik";
				TargetAttributes = {
					3578D3872415395B0008FF97 = {
						CreatedOnToolsVersion = 11.3.1;
					};
				};
			};
			buildConfigurationList = 3578D3832415395B0008FF97 /* Build configuration list for PBXProject "TheWordScramble" */;
			compatibilityVersion = "Xcode 9.3";
			developmentRegion = en;
			hasScannedForEncodings = 0;
			knownRegions = (
				en,
				Base,
			);
			mainGroup = 3578D37F2415395B0008FF97;
			productRefGroup = 3578D3892415395B0008FF97 /* Products */;
			projectDirPath = "";
			projectRoot = "";
			targets = (
				3578D3872415395B0008FF97 /* TheWordScramble */,
			);
		};
/* End PBXProject section */

/* Begin PBXResourcesBuildPhase section */
		3578D3862415395B0008FF97 /* Resources */ = {
			isa = PBXResourcesBuildPhase;
			buildActionMask = 2147483647;
			files = (
				3578D3982415395C0008FF97 /* LaunchScreen.storyboard in Resources */,
				3578D3A0241629640008FF97 /* start.txt in Resources */,
				3578D3952415395C0008FF97 /* Assets.xcassets in Resources */,
				3578D3932415395B0008FF97 /* Main.storyboard in Resources */,
			);
			runOnlyForDeploymentPostprocessing = 0;
		};
/* End PBXResourcesBuildPhase section */

/* Begin PBXSourcesBuildPhase section */
		3578D3842415395B0008FF97 /* Sources */ = {
			isa = PBXSourcesBuildPhase;
			buildActionMask = 2147483647;
			files = (
				3578D3902415395B0008FF97 /* ViewController.swift in Sources */,
				3578D38C2415395B0008FF97 /* AppDelegate.swift in Sources */,
				3578D38E2415395B0008FF97 /* SceneDelegate.swift in Sources */,
			);
			runOnlyForDeploymentPostprocessing = 0;
		};
/* End PBXSourcesBuildPhase section */

/* Begin PBXVariantGroup section */
		3578D3912415395B0008FF97 /* Main.storyboard */ = {
			isa = PBXVariantGroup;
			children = (
				3578D3922415395B0008FF97 /* Base */,
			);
			name = Main.storyboard;
			sourceTree = "<group>";
		};
		3578D3962415395C0008FF97 /* LaunchScreen.storyboard */ = {
			isa = PBXVariantGroup;
			children = (
				3578D3972415395C0008FF97 /* Base */,
			);
			name = LaunchScreen.storyboard;
			sourceTree = "<group>";
		};
/* End PBXVariantGroup section */

/* Begin XCBuildConfiguration section */
		3578D39A2415395C0008FF97 /* Debug */ = {
			isa = XCBuildConfiguration;
			buildSettings = {
				ALWAYS_SEARCH_USER_PATHS = NO;
				CLANG_ANALYZER_NONNULL = YES;
				CLANG_ANALYZER_NUMBER_OBJECT_CONVERSION = YES_AGGRESSIVE;
				CLANG_CXX_LANGUAGE_STANDARD = "gnu++14";
				CLANG_CXX_LIBRARY = "libc++";
				CLANG_ENABLE_MODULES = YES;
				CLANG_ENABLE_OBJC_ARC = YES;
				CLANG_ENABLE_OBJC_WEAK = YES;
				CLANG_WARN_BLOCK_CAPTURE_AUTORELEASING = YES;
				CLANG_WARN_BOOL_CONVERSION = YES;
				CLANG_WARN_COMMA = YES;
				CLANG_WARN_CONSTANT_CONVERSION = YES;
				CLANG_WARN_DEPRECATED_OBJC_IMPLEMENTATIONS = YES;
				CLANG_WARN_DIRECT_OBJC_ISA_USAGE = YES_ERROR;
				CLANG_WARN_DOCUMENTATION_COMMENTS = YES;
				CLANG_WARN_EMPTY_BODY = YES;
				CLANG_WARN_ENUM_CONVERSION = YES;
				CLANG_WARN_INFINITE_RECURSION = YES;
				CLANG_WARN_INT_CONVERSION = YES;
				CLANG_WARN_NON_LITERAL_NULL_CONVERSION = YES;
				CLANG_WARN_OBJC_IMPLICIT_RETAIN_SELF = YES;
				CLANG_WARN_OBJC_LITERAL_CONVERSION = YES;
				CLANG_WARN_OBJC_ROOT_CLASS = YES_ERROR;
				CLANG_WARN_RANGE_LOOP_ANALYSIS = YES;
				CLANG_WARN_STRICT_PROTOTYPES = YES;
				CLANG_WARN_SUSPICIOUS_MOVE = YES;
				CLANG_WARN_UNGUARDED_AVAILABILITY = YES_AGGRESSIVE;
				CLANG_WARN_UNREACHABLE_CODE = YES;
				CLANG_WARN__DUPLICATE_METHOD_MATCH = YES;
				COPY_PHASE_STRIP = NO;
				DEBUG_INFORMATION_FORMAT = dwarf;
				ENABLE_STRICT_OBJC_MSGSEND = YES;
				ENABLE_TESTABILITY = YES;
				GCC_C_LANGUAGE_STANDARD = gnu11;
				GCC_DYNAMIC_NO_PIC = NO;
				GCC_NO_COMMON_BLOCKS = YES;
				GCC_OPTIMIZATION_LEVEL = 0;
				GCC_PREPROCESSOR_DEFINITIONS = (
					"DEBUG=1",
					"$(inherited)",
				);
				GCC_WARN_64_TO_32_BIT_CONVERSION = YES;
				GCC_WARN_ABOUT_RETURN_TYPE = YES_ERROR;
				GCC_WARN_UNDECLARED_SELECTOR = YES;
				GCC_WARN_UNINITIALIZED_AUTOS = YES_AGGRESSIVE;
				GCC_WARN_UNUSED_FUNCTION = YES;
				GCC_WARN_UNUSED_VARIABLE = YES;
				IPHONEOS_DEPLOYMENT_TARGET = 13.2;
				MTL_ENABLE_DEBUG_INFO = INCLUDE_SOURCE;
				MTL_FAST_MATH = YES;
				ONLY_ACTIVE_ARCH = YES;
				SDKROOT = iphoneos;
				SWIFT_ACTIVE_COMPILATION_CONDITIONS = DEBUG;
				SWIFT_OPTIMIZATION_LEVEL = "-Onone";
			};
			name = Debug;
		};
		3578D39B2415395C0008FF97 /* Release */ = {
			isa = XCBuildConfiguration;
			buildSettings = {
				ALWAYS_SEARCH_USER_PATHS = NO;
				CLANG_ANALYZER_NONNULL = YES;
				CLANG_ANALYZER_NUMBER_OBJECT_CONVERSION = YES_AGGRESSIVE;
				CLANG_CXX_LANGUAGE_STANDARD = "gnu++14";
				CLANG_CXX_LIBRARY = "libc++";
				CLANG_ENABLE_MODULES = YES;
				CLANG_ENABLE_OBJC_ARC = YES;
				CLANG_ENABLE_OBJC_WEAK = YES;
				CLANG_WARN_BLOCK_CAPTURE_AUTORELEASING = YES;
				CLANG_WARN_BOOL_CONVERSION = YES;
				CLANG_WARN_COMMA = YES;
				CLANG_WARN_CONSTANT_CONVERSION = YES;
				CLANG_WARN_DEPRECATED_OBJC_IMPLEMENTATIONS = YES;
				CLANG_WARN_DIRECT_OBJC_ISA_USAGE = YES_ERROR;
				CLANG_WARN_DOCUMENTATION_COMMENTS = YES;
				CLANG_WARN_EMPTY_BODY = YES;
				CLANG_WARN_ENUM_CONVERSION = YES;
				CLANG_WARN_INFINITE_RECURSION = YES;
				CLANG_WARN_INT_CONVERSION = YES;
				CLANG_WARN_NON_LITERAL_NULL_CONVERSION = YES;
				CLANG_WARN_OBJC_IMPLICIT_RETAIN_SELF = YES;
				CLANG_WARN_OBJC_LITERAL_CONVERSION = YES;
				CLANG_WARN_OBJC_ROOT_CLASS = YES_ERROR;
				CLANG_WARN_RANGE_LOOP_ANALYSIS = YES;
				CLANG_WARN_STRICT_PROTOTYPES = YES;
				CLANG_WARN_SUSPICIOUS_MOVE = YES;
				CLANG_WARN_UNGUARDED_AVAILABILITY = YES_AGGRESSIVE;
				CLANG_WARN_UNREACHABLE_CODE = YES;
				CLANG_WARN__DUPLICATE_METHOD_MATCH = YES;
				COPY_PHASE_STRIP = NO;
				DEBUG_INFORMATION_FORMAT = "dwarf-with-dsym";
				ENABLE_NS_ASSERTIONS = NO;
				ENABLE_STRICT_OBJC_MSGSEND = YES;
				GCC_C_LANGUAGE_STANDARD = gnu11;
				GCC_NO_COMMON_BLOCKS = YES;
				GCC_WARN_64_TO_32_BIT_CONVERSION = YES;
				GCC_WARN_ABOUT_RETURN_TYPE = YES_ERROR;
				GCC_WARN_UNDECLARED_SELECTOR = YES;
				GCC_WARN_UNINITIALIZED_AUTOS = YES_AGGRESSIVE;
				GCC_WARN_UNUSED_FUNCTION = YES;
				GCC_WARN_UNUSED_VARIABLE = YES;
				IPHONEOS_DEPLOYMENT_TARGET = 13.2;
				MTL_ENABLE_DEBUG_INFO = NO;
				MTL_FAST_MATH = YES;
				SDKROOT = iphoneos;
				SWIFT_COMPILATION_MODE = wholemodule;
				SWIFT_OPTIMIZATION_LEVEL = "-O";
				VALIDATE_PRODUCT = YES;
			};
			name = Release;
		};
		3578D39D2415395C0008FF97 /* Debug */ = {
			isa = XCBuildConfiguration;
			buildSettings = {
				ASSETCATALOG_COMPILER_APPICON_NAME = AppIcon;
				CODE_SIGN_STYLE = Automatic;
				DEVELOPMENT_TEAM = 36JR7N2LBE;
				INFOPLIST_FILE = TheWordScramble/Info.plist;
				LD_RUNPATH_SEARCH_PATHS = (
					"$(inherited)",
					"@executable_path/Frameworks",
				);
				PRODUCT_BUNDLE_IDENTIFIER = com.example.stanford.TheWordScramble;
				PRODUCT_NAME = "$(TARGET_NAME)";
				SWIFT_VERSION = 5.0;
				TARGETED_DEVICE_FAMILY = "1,2";
			};
			name = Debug;
		};
		3578D39E2415395C0008FF97 /* Release */ = {
			isa = XCBuildConfiguration;
			buildSettings = {
				ASSETCATALOG_COMPILER_APPICON_NAME = AppIcon;
				CODE_SIGN_STYLE = Automatic;
				DEVELOPMENT_TEAM = 36JR7N2LBE;
				INFOPLIST_FILE = TheWordScramble/Info.plist;
				LD_RUNPATH_SEARCH_PATHS = (
					"$(inherited)",
					"@executable_path/Frameworks",
				);
				PRODUCT_BUNDLE_IDENTIFIER = com.example.stanford.TheWordScramble;
				PRODUCT_NAME = "$(TARGET_NAME)";
				SWIFT_VERSION = 5.0;
				TARGETED_DEVICE_FAMILY = "1,2";
			};
			name = Release;
		};
/* End XCBuildConfiguration section */

/* Begin XCConfigurationList section */
		3578D3832415395B0008FF97 /* Build configuration list for PBXProject "TheWordScramble" */ = {
			isa = XCConfigurationList;
			buildConfigurations = (
				3578D39A2415395C0008FF97 /* Debug */,
				3578D39B2415395C0008FF97 /* Release */,
			);
			defaultConfigurationIsVisible = 0;
			defaultConfigurationName = Release;
		};
		3578D39C2415395C0008FF97 /* Build configuration list for PBXNativeTarget "TheWordScramble" */ = {
			isa = XCConfigurationList;
			buildConfigurations = (
				3578D39D2415395C0008FF97 /* Debug */,
				3578D39E2415395C0008FF97 /* Release */,
			);
			defaultConfigurationIsVisible = 0;
			defaultConfigurationName = Release;
		};
/* End XCConfigurationList section */
	};
	rootObject = 3578D3802415395B0008FF97 /* Project object */;
}
